// !$*UTF8*$!
{
	archiveVersion = 1;
	classes = {
	};
	objectVersion = 46;
	objects = {

/* Begin PBXBuildFile section */
		FA5951DB1AB452E40050B601 /* main.m in Sources */ = {isa = PBXBuildFile; fileRef = FA5951DA1AB452E40050B601 /* main.m */; };
		FA5951DE1AB452E40050B601 /* AppDelegate.m in Sources */ = {isa = PBXBuildFile; fileRef = FA5951DD1AB452E40050B601 /* AppDelegate.m */; };
		FA5951E11AB452E40050B601 /* FBFunViewController.m in Sources */ = {isa = PBXBuildFile; fileRef = FA5951E01AB452E40050B601 /* FBFunViewController.m */; };
		FA5951E61AB452E40050B601 /* Images.xcassets in Resources */ = {isa = PBXBuildFile; fileRef = FA5951E51AB452E40050B601 /* Images.xcassets */; };
		FA5951E91AB452E40050B601 /* LaunchScreen.xib in Resources */ = {isa = PBXBuildFile; fileRef = FA5951E71AB452E40050B601 /* LaunchScreen.xib */; };
		FA5951F51AB452E40050B601 /* FBFunTests.m in Sources */ = {isa = PBXBuildFile; fileRef = FA5951F41AB452E40050B601 /* FBFunTests.m */; };
		FA5952001AB4534B0050B601 /* FBFunLoginDialog.m in Sources */ = {isa = PBXBuildFile; fileRef = FA5951FF1AB4534B0050B601 /* FBFunLoginDialog.m */; };
		FAB46F121AB6B58B001EA602 /* FBFunViewController.xib in Resources */ = {isa = PBXBuildFile; fileRef = FAB46F111AB6B58B001EA602 /* FBFunViewController.xib */; };
		FAB46F141AB6B5A5001EA602 /* FBFunLoginDialog.xib in Resources */ = {isa = PBXBuildFile; fileRef = FAB46F131AB6B5A5001EA602 /* FBFunLoginDialog.xib */; };
/* End PBXBuildFile section */

/* Begin PBXContainerItemProxy section */
		FA5951EF1AB452E40050B601 /* PBXContainerItemProxy */ = {
			isa = PBXContainerItemProxy;
			containerPortal = FA5951CD1AB452E40050B601 /* Project object */;
			proxyType = 1;
			remoteGlobalIDString = FA5951D41AB452E40050B601;
			remoteInfo = FBFun;
		};
/* End PBXContainerItemProxy section */

/* Begin PBXFileReference section */
		FA5951D51AB452E40050B601 /* FBFun.app */ = {isa = PBXFileReference; explicitFileType = wrapper.application; includeInIndex = 0; path = FBFun.app; sourceTree = BUILT_PRODUCTS_DIR; };
		FA5951D91AB452E40050B601 /* Info.plist */ = {isa = PBXFileReference; lastKnownFileType = text.plist.xml; path = Info.plist; sourceTree = "<group>"; };
		FA5951DA1AB452E40050B601 /* main.m */ = {isa = PBXFileReference; lastKnownFileType = sourcecode.c.objc; path = main.m; sourceTree = "<group>"; };
		FA5951DC1AB452E40050B601 /* AppDelegate.h */ = {isa = PBXFileReference; lastKnownFileType = sourcecode.c.h; path = AppDelegate.h; sourceTree = "<group>"; };
		FA5951DD1AB452E40050B601 /* AppDelegate.m */ = {isa = PBXFileReference; lastKnownFileType = sourcecode.c.objc; path = AppDelegate.m; sourceTree = "<group>"; };
		FA5951DF1AB452E40050B601 /* FBFunViewController.h */ = {isa = PBXFileReference; lastKnownFileType = sourcecode.c.h; path = FBFunViewController.h; sourceTree = "<group>"; };
		FA5951E01AB452E40050B601 /* FBFunViewController.m */ = {isa = PBXFileReference; lastKnownFileType = sourcecode.c.objc; path = FBFunViewController.m; sourceTree = "<group>"; };
		FA5951E51AB452E40050B601 /* Images.xcassets */ = {isa = PBXFileReference; lastKnownFileType = folder.assetcatalog; path = Images.xcassets; sourceTree = "<group>"; };
		FA5951E81AB452E40050B601 /* Base */ = {isa = PBXFileReference; lastKnownFileType = file.xib; name = Base; path = Base.lproj/LaunchScreen.xib; sourceTree = "<group>"; };
		FA5951EE1AB452E40050B601 /* FBFunTests.xctest */ = {isa = PBXFileReference; explicitFileType = wrapper.cfbundle; includeInIndex = 0; path = FBFunTests.xctest; sourceTree = BUILT_PRODUCTS_DIR; };
		FA5951F31AB452E40050B601 /* Info.plist */ = {isa = PBXFileReference; lastKnownFileType = text.plist.xml; path = Info.plist; sourceTree = "<group>"; };
		FA5951F41AB452E40050B601 /* FBFunTests.m */ = {isa = PBXFileReference; lastKnownFileType = sourcecode.c.objc; path = FBFunTests.m; sourceTree = "<group>"; };
		FA5951FE1AB4534B0050B601 /* FBFunLoginDialog.h */ = {isa = PBXFileReference; fileEncoding = 4; lastKnownFileType = sourcecode.c.h; path = FBFunLoginDialog.h; sourceTree = SOURCE_ROOT; };
		FA5951FF1AB4534B0050B601 /* FBFunLoginDialog.m */ = {isa = PBXFileReference; fileEncoding = 4; lastKnownFileType = sourcecode.c.objc; path = FBFunLoginDialog.m; sourceTree = SOURCE_ROOT; };
		FAB46F111AB6B58B001EA602 /* FBFunViewController.xib */ = {isa = PBXFileReference; fileEncoding = 4; lastKnownFileType = file.xib; path = FBFunViewController.xib; sourceTree = SOURCE_ROOT; };
		FAB46F131AB6B5A5001EA602 /* FBFunLoginDialog.xib */ = {isa = PBXFileReference; fileEncoding = 4; lastKnownFileType = file.xib; path = FBFunLoginDialog.xib; sourceTree = SOURCE_ROOT; };
/* End PBXFileReference section */

/* Begin PBXFrameworksBuildPhase section */
		FA5951D21AB452E40050B601 /* Frameworks */ = {
			isa = PBXFrameworksBuildPhase;
			buildActionMask = 2147483647;
			files = (
			);
			runOnlyForDeploymentPostprocessing = 0;
		};
		FA5951EB1AB452E40050B601 /* Frameworks */ = {
			isa = PBXFrameworksBuildPhase;
			buildActionMask = 2147483647;
			files = (
			);
			runOnlyForDeploymentPostprocessing = 0;
		};
/* End PBXFrameworksBuildPhase section */

/* Begin PBXGroup section */
		FA5951CC1AB452E40050B601 = {
			isa = PBXGroup;
			children = (
				FA5951D71AB452E40050B601 /* FBFun */,
				FA5951F11AB452E40050B601 /* FBFunTests */,
				FA5951D61AB452E40050B601 /* Products */,
			);
			sourceTree = "<group>";
		};
		FA5951D61AB452E40050B601 /* Products */ = {
			isa = PBXGroup;
			children = (
				FA5951D51AB452E40050B601 /* FBFun.app */,
				FA5951EE1AB452E40050B601 /* FBFunTests.xctest */,
			);
			name = Products;
			sourceTree = "<group>";
		};
		FA5951D71AB452E40050B601 /* FBFun */ = {
			isa = PBXGroup;
			children = (
				FA5951DC1AB452E40050B601 /* AppDelegate.h */,
				FA5951DD1AB452E40050B601 /* AppDelegate.m */,
				FA5951DF1AB452E40050B601 /* FBFunViewController.h */,
				FA5951E01AB452E40050B601 /* FBFunViewController.m */,
				FAB46F111AB6B58B001EA602 /* FBFunViewController.xib */,
				FA5951FE1AB4534B0050B601 /* FBFunLoginDialog.h */,
				FA5951FF1AB4534B0050B601 /* FBFunLoginDialog.m */,
				FAB46F131AB6B5A5001EA602 /* FBFunLoginDialog.xib */,
				FA5951E51AB452E40050B601 /* Images.xcassets */,
				FA5951E71AB452E40050B601 /* LaunchScreen.xib */,
				FA5951D81AB452E40050B601 /* Supporting Files */,
			);
			path = FBFun;
			sourceTree = "<group>";
		};
		FA5951D81AB452E40050B601 /* Supporting Files */ = {
			isa = PBXGroup;
			children = (
				FA5951D91AB452E40050B601 /* Info.plist */,
				FA5951DA1AB452E40050B601 /* main.m */,
			);
			name = "Supporting Files";
			sourceTree = "<group>";
		};
		FA5951F11AB452E40050B601 /* FBFunTests */ = {
			isa = PBXGroup;
			children = (
				FA5951F41AB452E40050B601 /* FBFunTests.m */,
				FA5951F21AB452E40050B601 /* Supporting Files */,
			);
			path = FBFunTests;
			sourceTree = "<group>";
		};
		FA5951F21AB452E40050B601 /* Supporting Files */ = {
			isa = PBXGroup;
			children = (
				FA5951F31AB452E40050B601 /* Info.plist */,
			);
			name = "Supporting Files";
			sourceTree = "<group>";
		};
/* End PBXGroup section */

/* Begin PBXNativeTarget section */
		FA5951D41AB452E40050B601 /* FBFun */ = {
			isa = PBXNativeTarget;
			buildConfigurationList = FA5951F81AB452E40050B601 /* Build configuration list for PBXNativeTarget "FBFun" */;
			buildPhases = (
				FA5951D11AB452E40050B601 /* Sources */,
				FA5951D21AB452E40050B601 /* Frameworks */,
				FA5951D31AB452E40050B601 /* Resources */,
			);
			buildRules = (
			);
			dependencies = (
			);
			name = FBFun;
			productName = FBFun;
			productReference = FA5951D51AB452E40050B601 /* FBFun.app */;
			productType = "com.apple.product-type.application";
		};
		FA5951ED1AB452E40050B601 /* FBFunTests */ = {
			isa = PBXNativeTarget;
			buildConfigurationList = FA5951FB1AB452E40050B601 /* Build configuration list for PBXNativeTarget "FBFunTests" */;
			buildPhases = (
				FA5951EA1AB452E40050B601 /* Sources */,
				FA5951EB1AB452E40050B601 /* Frameworks */,
				FA5951EC1AB452E40050B601 /* Resources */,
			);
			buildRules = (
			);
			dependencies = (
				FA5951F01AB452E40050B601 /* PBXTargetDependency */,
			);
			name = FBFunTests;
			productName = FBFunTests;
			productReference = FA5951EE1AB452E40050B601 /* FBFunTests.xctest */;
			productType = "com.apple.product-type.bundle.unit-test";
		};
/* End PBXNativeTarget section */

/* Begin PBXProject section */
		FA5951CD1AB452E40050B601 /* Project object */ = {
			isa = PBXProject;
			attributes = {
				LastUpgradeCheck = 0620;
				ORGANIZATIONNAME = "MACBOOK-MUM";
				TargetAttributes = {
					FA5951D41AB452E40050B601 = {
						CreatedOnToolsVersion = 6.2;
					};
					FA5951ED1AB452E40050B601 = {
						CreatedOnToolsVersion = 6.2;
						TestTargetID = FA5951D41AB452E40050B601;
					};
				};
			};
			buildConfigurationList = FA5951D01AB452E40050B601 /* Build configuration list for PBXProject "FBFun" */;
			compatibilityVersion = "Xcode 3.2";
			developmentRegion = English;
			hasScannedForEncodings = 0;
			knownRegions = (
				en,
				Base,
			);
			mainGroup = FA5951CC1AB452E40050B601;
			productRefGroup = FA5951D61AB452E40050B601 /* Products */;
			projectDirPath = "";
			projectRoot = "";
			targets = (
				FA5951D41AB452E40050B601 /* FBFun */,
				FA5951ED1AB452E40050B601 /* FBFunTests */,
			);
		};
/* End PBXProject section */

/* Begin PBXResourcesBuildPhase section */
		FA5951D31AB452E40050B601 /* Resources */ = {
			isa = PBXResourcesBuildPhase;
			buildActionMask = 2147483647;
			files = (
				FAB46F121AB6B58B001EA602 /* FBFunViewController.xib in Resources */,
				FA5951E91AB452E40050B601 /* LaunchScreen.xib in Resources */,
				FA5951E61AB452E40050B601 /* Images.xcassets in Resources */,
				FAB46F141AB6B5A5001EA602 /* FBFunLoginDialog.xib in Resources */,
			);
			runOnlyForDeploymentPostprocessing = 0;
		};
		FA5951EC1AB452E40050B601 /* Resources */ = {
			isa = PBXResourcesBuildPhase;
			buildActionMask = 2147483647;
			files = (
			);
			runOnlyForDeploymentPostprocessing = 0;
		};
/* End PBXResourcesBuildPhase section */

/* Begin PBXSourcesBuildPhase section */
		FA5951D11AB452E40050B601 /* Sources */ = {
			isa = PBXSourcesBuildPhase;
			buildActionMask = 2147483647;
			files = (
				FA5951E11AB452E40050B601 /* FBFunViewController.m in Sources */,
				FA5951DE1AB452E40050B601 /* AppDelegate.m in Sources */,
				FA5951DB1AB452E40050B601 /* main.m in Sources */,
				FA5952001AB4534B0050B601 /* FBFunLoginDialog.m in Sources */,
			);
			runOnlyForDeploymentPostprocessing = 0;
		};
		FA5951EA1AB452E40050B601 /* Sources */ = {
			isa = PBXSourcesBuildPhase;
			buildActionMask = 2147483647;
			files = (
				FA5951F51AB452E40050B601 /* FBFunTests.m in Sources */,
			);
			runOnlyForDeploymentPostprocessing = 0;
		};
/* End PBXSourcesBuildPhase section */

/* Begin PBXTargetDependency section */
		FA5951F01AB452E40050B601 /* PBXTargetDependency */ = {
			isa = PBXTargetDependency;
			target = FA5951D41AB452E40050B601 /* FBFun */;
			targetProxy = FA5951EF1AB452E40050B601 /* PBXContainerItemProxy */;
		};
/* End PBXTargetDependency section */

/* Begin PBXVariantGroup section */
		FA5951E71AB452E40050B601 /* LaunchScreen.xib */ = {
			isa = PBXVariantGroup;
			children = (
				FA5951E81AB452E40050B601 /* Base */,
			);
			name = LaunchScreen.xib;
			sourceTree = "<group>";
		};
/* End PBXVariantGroup section */

/* Begin XCBuildConfiguration section */
		FA5951F61AB452E40050B601 /* Debug */ = {
			isa = XCBuildConfiguration;
			buildSettings = {
				ALWAYS_SEARCH_USER_PATHS = NO;
				CLANG_CXX_LANGUAGE_STANDARD = "gnu++0x";
				CLANG_CXX_LIBRARY = "libc++";
				CLANG_ENABLE_MODULES = YES;
				CLANG_ENABLE_OBJC_ARC = YES;
				CLANG_WARN_BOOL_CONVERSION = YES;
				CLANG_WARN_CONSTANT_CONVERSION = YES;
				CLANG_WARN_DIRECT_OBJC_ISA_USAGE = YES_ERROR;
				CLANG_WARN_EMPTY_BODY = YES;
				CLANG_WARN_ENUM_CONVERSION = YES;
				CLANG_WARN_INT_CONVERSION = YES;
				CLANG_WARN_OBJC_ROOT_CLASS = YES_ERROR;
				CLANG_WARN_UNREACHABLE_CODE = YES;
				CLANG_WARN__DUPLICATE_METHOD_MATCH = YES;
				"CODE_SIGN_IDENTITY[sdk=iphoneos*]" = "iPhone Developer";
				COPY_PHASE_STRIP = NO;
				ENABLE_STRICT_OBJC_MSGSEND = YES;
				GCC_C_LANGUAGE_STANDARD = gnu99;
				GCC_DYNAMIC_NO_PIC = NO;
				GCC_OPTIMIZATION_LEVEL = 0;
				GCC_PREPROCESSOR_DEFINITIONS = (
					"DEBUG=1",
					"$(inherited)",
				);
				GCC_SYMBOLS_PRIVATE_EXTERN = NO;
				GCC_WARN_64_TO_32_BIT_CONVERSION = YES;
				GCC_WARN_ABOUT_RETURN_TYPE = YES_ERROR;
				GCC_WARN_UNDECLARED_SELECTOR = YES;
				GCC_WARN_UNINITIALIZED_AUTOS = YES_AGGRESSIVE;
				GCC_WARN_UNUSED_FUNCTION = YES;
				GCC_WARN_UNUSED_VARIABLE = YES;
				IPHONEOS_DEPLOYMENT_TARGET = 8.2;
				MTL_ENABLE_DEBUG_INFO = YES;
				ONLY_ACTIVE_ARCH = YES;
				SDKROOT = iphoneos;
			};
			name = Debug;
		};
		FA5951F71AB452E40050B601 /* Release */ = {
			isa = XCBuildConfiguration;
			buildSettings = {
				ALWAYS_SEARCH_USER_PATHS = NO;
				CLANG_CXX_LANGUAGE_STANDARD = "gnu++0x";
				CLANG_CXX_LIBRARY = "libc++";
				CLANG_ENABLE_MODULES = YES;
				CLANG_ENABLE_OBJC_ARC = YES;
				CLANG_WARN_BOOL_CONVERSION = YES;
				CLANG_WARN_CONSTANT_CONVERSION = YES;
				CLANG_WARN_DIRECT_OBJC_ISA_USAGE = YES_ERROR;
				CLANG_WARN_EMPTY_BODY = YES;
				CLANG_WARN_ENUM_CONVERSION = YES;
				CLANG_WARN_INT_CONVERSION = YES;
				CLANG_WARN_OBJC_ROOT_CLASS = YES_ERROR;
				CLANG_WARN_UNREACHABLE_CODE = YES;
				CLANG_WARN__DUPLICATE_METHOD_MATCH = YES;
				"CODE_SIGN_IDENTITY[sdk=iphoneos*]" = "iPhone Developer";
				COPY_PHASE_STRIP = NO;
				ENABLE_NS_ASSERTIONS = NO;
				ENABLE_STRICT_OBJC_MSGSEND = YES;
				GCC_C_LANGUAGE_STANDARD = gnu99;
				GCC_WARN_64_TO_32_BIT_CONVERSION = YES;
				GCC_WARN_ABOUT_RETURN_TYPE = YES_ERROR;
				GCC_WARN_UNDECLARED_SELECTOR = YES;
				GCC_WARN_UNINITIALIZED_AUTOS = YES_AGGRESSIVE;
				GCC_WARN_UNUSED_FUNCTION = YES;
				GCC_WARN_UNUSED_VARIABLE = YES;
				IPHONEOS_DEPLOYMENT_TARGET = 8.2;
				MTL_ENABLE_DEBUG_INFO = NO;
				SDKROOT = iphoneos;
				VALIDATE_PRODUCT = YES;
			};
			name = Release;
		};
		FA5951F91AB452E40050B601 /* Debug */ = {
			isa = XCBuildConfiguration;
			buildSettings = {
				ASSETCATALOG_COMPILER_APPICON_NAME = AppIcon;
				INFOPLIST_FILE = FBFun/Info.plist;
				LD_RUNPATH_SEARCH_PATHS = "$(inherited) @executable_path/Frameworks";
				PRODUCT_NAME = "$(TARGET_NAME)";
			};
			name = Debug;
		};
		FA5951FA1AB452E40050B601 /* Release */ = {
			isa = XCBuildConfiguration;
			buildSettings = {
				ASSETCATALOG_COMPILER_APPICON_NAME = AppIcon;
				INFOPLIST_FILE = FBFun/Info.plist;
				LD_RUNPATH_SEARCH_PATHS = "$(inherited) @executable_path/Frameworks";
				PRODUCT_NAME = "$(TARGET_NAME)";
			};
			name = Release;
		};
		FA5951FC1AB452E40050B601 /* Debug */ = {
			isa = XCBuildConfiguration;
			buildSettings = {
				BUNDLE_LOADER = "$(TEST_HOST)";
				FRAMEWORK_SEARCH_PATHS = (
					"$(SDKROOT)/Developer/Library/Frameworks",
					"$(inherited)",
				);
				GCC_PREPROCESSOR_DEFINITIONS = (
					"DEBUG=1",
					"$(inherited)",
				);
				INFOPLIST_FILE = FBFunTests/Info.plist;
				LD_RUNPATH_SEARCH_PATHS = "$(inherited) @executable_path/Frameworks @loader_path/Frameworks";
				PRODUCT_NAME = "$(TARGET_NAME)";
				TEST_HOST = "$(BUILT_PRODUCTS_DIR)/FBFun.app/FBFun";
			};
			name = Debug;
		};
		FA5951FD1AB452E40050B601 /* Release */ = {
			isa = XCBuildConfiguration;
			buildSettings = {
				BUNDLE_LOADER = "$(TEST_HOST)";
				FRAMEWORK_SEARCH_PATHS = (
					"$(SDKROOT)/Developer/Library/Frameworks",
					"$(inherited)",
				);
				INFOPLIST_FILE = FBFunTests/Info.plist;
				LD_RUNPATH_SEARCH_PATHS = "$(inherited) @executable_path/Frameworks @loader_path/Frameworks";
				PRODUCT_NAME = "$(TARGET_NAME)";
				TEST_HOST = "$(BUILT_PRODUCTS_DIR)/FBFun.app/FBFun";
			};
			name = Release;
		};
/* End XCBuildConfiguration section */

/* Begin XCConfigurationList section */
		FA5951D01AB452E40050B601 /* Build configuration list for PBXProject "FBFun" */ = {
			isa = XCConfigurationList;
			buildConfigurations = (
				FA5951F61AB452E40050B601 /* Debug */,
				FA5951F71AB452E40050B601 /* Release */,
			);
			defaultConfigurationIsVisible = 0;
			defaultConfigurationName = Release;
		};
		FA5951F81AB452E40050B601 /* Build configuration list for PBXNativeTarget "FBFun" */ = {
			isa = XCConfigurationList;
			buildConfigurations = (
				FA5951F91AB452E40050B601 /* Debug */,
				FA5951FA1AB452E40050B601 /* Release */,
			);
			defaultConfigurationIsVisible = 0;
			defaultConfigurationName = Release;
		};
		FA5951FB1AB452E40050B601 /* Build configuration list for PBXNativeTarget "FBFunTests" */ = {
			isa = XCConfigurationList;
			buildConfigurations = (
				FA5951FC1AB452E40050B601 /* Debug */,
				FA5951FD1AB452E40050B601 /* Release */,
			);
			defaultConfigurationIsVisible = 0;
			defaultConfigurationName = Release;
		};
/* End XCConfigurationList section */
	};
	rootObject = FA5951CD1AB452E40050B601 /* Project object */;
}
